github.com/cwchiu/go-winapi v0.0.0-20130629162214-19f502a3f526 h1:jpcsC7/GcFL2mIAtw2Yoof0HVW8tm0NxIK2NGK0WPRY=
github.com/cwchiu/go-winapi v0.0.0-20130629162214-19f502a3f526/go.mod h1:744edzflkhW62e5qqKXfEi0zp0IYXQpyApXl5VX0oQY=
github.com/fsnotify/fsnotify v1.7.0 h1:8JEhPFa5W2WU7YfeZzPNqzMP6Lwt7L2715Ggo0nosvA=
github.com/fsnotify/fsnotify v1.7.0/go.mod h1:40Bi/Hjc2AVfZrqy+aj+yEI+/bRxZnMJyTJwOpGvigM=
golang.org/x/sys v0.4.0 h1:Zr2JFtRQNX3BCZ8YtxRE9hNJYC8J6I1MVbMg6owUp18=
golang.org/x/sys v0.4.0/go.mod h1:oPkhp1MJrh7nUepCBck5+mAzfO9JrbApNNgaTdGDITg=
